# generated by rye
# use `rye lock` or `rye sync` to update this lockfile
#
# last locked with the following flags:
#   pre: false
#   features: []
#   all-features: false

-e file:.
annotated-types==0.6.0
click==8.1.7
linkify-it-py==2.0.2
markdown-it-py==3.0.0
mdit-py-plugins==0.4.0
mdurl==0.1.2
pydantic==2.5.3
pydantic-core==2.14.6
pygments==2.17.2
pyte==0.8.2
rich==13.7.0
textual==0.47.1
typing-extensions==4.9.0
uc-micro-py==1.0.2
wcwidth==0.2.13
